<Solution>
	<Folder Name="/ConsoleApps/">
		<Project Path="ConsoleApps\Benchmarks\Benchmarks.csproj" Type="C#" />
		<Project Path="ConsoleApps\DataModelGenerator\DataModelGenerator.csproj" />
		<Project Path="ConsoleApps\ECWolfLauncher\ECWolfLauncher.csproj" />
		<Project Path="ConsoleApps\mm\mm.csproj" />
		<Project Path="ConsoleApps\WangscapeTilesetChopper\WangscapeTilesetChopper.csproj" />
		<File Path="ConsoleApps\readme.md" />
	</Folder>
	<Folder Name="/Solution Items/">
		<File Path="..\LICENSE" />
		<File Path="..\README.md" />
		<File Path="..\TODO.md" />
		<File Path="Directory.Packages.props" />
		<File Path="..\.editorconfig" />
	</Folder>
	<Project Path="SectorDirector/SectorDirector.csproj" />
	<Project Path="Tiledriver.ManualTests\Tiledriver.ManualTests.csproj" Type="C#" />
	<Project Path="Tiledriver.Tests\Tiledriver.Tests.csproj" />
	<Project Path="Tiledriver\Tiledriver.csproj" />
</Solution>
