
Microsoft Visual Studio Solution File, Format Version 12.00
# Visual Studio 14
VisualStudioVersion = 14.0.24720.0
MinimumVisualStudioVersion = 10.0.40219.1
Project("{FAE04EC0-301F-11D3-BF4B-00C04F79EFBC}") = "Tiledriver", "Tiledriver\Tiledriver.csproj", "{A32B1E60-62EE-4EF9-892B-1B8A3BB2396C}"
EndProject
Global
	GlobalSection(SolutionConfigurationPlatforms) = preSolution
		Debug|Any CPU = Debug|Any CPU
		Release|Any CPU = Release|Any CPU
	EndGlobalSection
	GlobalSection(ProjectConfigurationPlatforms) = postSolution
		{A32B1E60-62EE-4EF9-892B-1B8A3BB2396C}.Debug|Any CPU.ActiveCfg = Debug|Any CPU
		{A32B1E60-62EE-4EF9-892B-1B8A3BB2396C}.Debug|Any CPU.Build.0 = Debug|Any CPU
		{A32B1E60-62EE-4EF9-892B-1B8A3BB2396C}.Release|Any CPU.ActiveCfg = Release|Any CPU
		{A32B1E60-62EE-4EF9-892B-1B8A3BB2396C}.Release|Any CPU.Build.0 = Release|Any CPU
	EndGlobalSection
	GlobalSection(SolutionProperties) = preSolution
		HideSolutionNode = FALSE
	EndGlobalSection
EndGlobal
